
Microsoft Visual Studio Solution File, Format Version 12.00
# Visual Studio 15
VisualStudioVersion = 15.0.28307.421
MinimumVisualStudioVersion = 10.0.40219.1
Project("{FAE04EC0-301F-11D3-BF4B-00C04F79EFBC}") = "LinqExercises", "LinqExercises\LinqExercises.csproj", "{4CA35E57-0DF4-4AB0-A6DC-5175DDA7A691}"
EndProject
Project("{2150E333-8FDC-42A3-9474-1A3956D46DE8}") = "Session3", "Session3", "{5C02A5C7-9564-46B4-AE06-BECD9F663C8D}"
EndProject
Project("{FAE04EC0-301F-11D3-BF4B-00C04F79EFBC}") = "LinqLabExercises", "LinqLabExercises\LinqLabExercises.csproj", "{9378DF95-B694-4AD6-A1B5-DBE8A48116DE}"
EndProject
Project("{2150E333-8FDC-42A3-9474-1A3956D46DE8}") = "Session1", "Session1", "{0F046FA1-615E-4D47-B1FE-477959334747}"
EndProject
Project("{FAE04EC0-301F-11D3-BF4B-00C04F79EFBC}") = "Session2", "..\..\DNP2\Session2\Session2.csproj", "{01927236-837E-45EC-87ED-E63135CA76D6}"
EndProject
Project("{2150E333-8FDC-42A3-9474-1A3956D46DE8}") = "Session2", "Session2", "{FD27E9C2-C1F9-44EA-9B4A-BF6FC96492AC}"
EndProject
Project("{FAE04EC0-301F-11D3-BF4B-00C04F79EFBC}") = "Session1", "..\..\DNP2\DNP1\Session1.csproj", "{2C78E76A-AA3B-422B-81C9-1DA79BF66B34}"
EndProject
Global
	GlobalSection(SolutionConfigurationPlatforms) = preSolution
		Debug|Any CPU = Debug|Any CPU
		Release|Any CPU = Release|Any CPU
	EndGlobalSection
	GlobalSection(ProjectConfigurationPlatforms) = postSolution
		{4CA35E57-0DF4-4AB0-A6DC-5175DDA7A691}.Debug|Any CPU.ActiveCfg = Debug|Any CPU
		{4CA35E57-0DF4-4AB0-A6DC-5175DDA7A691}.Debug|Any CPU.Build.0 = Debug|Any CPU
		{4CA35E57-0DF4-4AB0-A6DC-5175DDA7A691}.Release|Any CPU.ActiveCfg = Release|Any CPU
		{4CA35E57-0DF4-4AB0-A6DC-5175DDA7A691}.Release|Any CPU.Build.0 = Release|Any CPU
		{9378DF95-B694-4AD6-A1B5-DBE8A48116DE}.Debug|Any CPU.ActiveCfg = Debug|Any CPU
		{9378DF95-B694-4AD6-A1B5-DBE8A48116DE}.Debug|Any CPU.Build.0 = Debug|Any CPU
		{9378DF95-B694-4AD6-A1B5-DBE8A48116DE}.Release|Any CPU.ActiveCfg = Release|Any CPU
		{9378DF95-B694-4AD6-A1B5-DBE8A48116DE}.Release|Any CPU.Build.0 = Release|Any CPU
		{01927236-837E-45EC-87ED-E63135CA76D6}.Debug|Any CPU.ActiveCfg = Debug|Any CPU
		{01927236-837E-45EC-87ED-E63135CA76D6}.Debug|Any CPU.Build.0 = Debug|Any CPU
		{01927236-837E-45EC-87ED-E63135CA76D6}.Release|Any CPU.ActiveCfg = Release|Any CPU
		{01927236-837E-45EC-87ED-E63135CA76D6}.Release|Any CPU.Build.0 = Release|Any CPU
		{2C78E76A-AA3B-422B-81C9-1DA79BF66B34}.Debug|Any CPU.ActiveCfg = Debug|Any CPU
		{2C78E76A-AA3B-422B-81C9-1DA79BF66B34}.Debug|Any CPU.Build.0 = Debug|Any CPU
		{2C78E76A-AA3B-422B-81C9-1DA79BF66B34}.Release|Any CPU.ActiveCfg = Release|Any CPU
		{2C78E76A-AA3B-422B-81C9-1DA79BF66B34}.Release|Any CPU.Build.0 = Release|Any CPU
	EndGlobalSection
	GlobalSection(SolutionProperties) = preSolution
		HideSolutionNode = FALSE
	EndGlobalSection
	GlobalSection(NestedProjects) = preSolution
		{4CA35E57-0DF4-4AB0-A6DC-5175DDA7A691} = {5C02A5C7-9564-46B4-AE06-BECD9F663C8D}
		{9378DF95-B694-4AD6-A1B5-DBE8A48116DE} = {5C02A5C7-9564-46B4-AE06-BECD9F663C8D}
		{01927236-837E-45EC-87ED-E63135CA76D6} = {FD27E9C2-C1F9-44EA-9B4A-BF6FC96492AC}
		{2C78E76A-AA3B-422B-81C9-1DA79BF66B34} = {0F046FA1-615E-4D47-B1FE-477959334747}
	EndGlobalSection
	GlobalSection(ExtensibilityGlobals) = postSolution
		SolutionGuid = {438EEA52-194B-4195-91F7-A16A14145B1B}
	EndGlobalSection
EndGlobal
